
Microsoft Visual Studio Solution File, Format Version 12.00
# Visual Studio Version 17
VisualStudioVersion = 17.9.34622.214
MinimumVisualStudioVersion = 10.0.40219.1
Project("{FAE04EC0-301F-11D3-BF4B-00C04F79EFBC}") = "Venda_Unifunec", "Venda_Unifunec.csproj", "{17447E6A-8EDE-46DE-9500-8D70BE334F36}"
EndProject
Global
	GlobalSection(SolutionConfigurationPlatforms) = preSolution
		Debug|Any CPU = Debug|Any CPU
		Release|Any CPU = Release|Any CPU
	EndGlobalSection
	GlobalSection(ProjectConfigurationPlatforms) = postSolution
		{17447E6A-8EDE-46DE-9500-8D70BE334F36}.Debug|Any CPU.ActiveCfg = Debug|Any CPU
		{17447E6A-8EDE-46DE-9500-8D70BE334F36}.Debug|Any CPU.Build.0 = Debug|Any CPU
		{17447E6A-8EDE-46DE-9500-8D70BE334F36}.Release|Any CPU.ActiveCfg = Release|Any CPU
		{17447E6A-8EDE-46DE-9500-8D70BE334F36}.Release|Any CPU.Build.0 = Release|Any CPU
	EndGlobalSection
	GlobalSection(SolutionProperties) = preSolution
		HideSolutionNode = FALSE
	EndGlobalSection
	GlobalSection(ExtensibilityGlobals) = postSolution
		SolutionGuid = {62BAEFC1-F574-4F02-9336-90E78F40D3A3}
	EndGlobalSection
EndGlobal
